
Microsoft Visual Studio Solution File, Format Version 12.00
# Visual Studio Version 17
VisualStudioVersion = 17.0.32002.185
MinimumVisualStudioVersion = 10.0.40219.1
Project("{9A19103F-16F7-4668-BE54-9A1E7A4F7556}") = "ECommerce.Api.Products", "ECommerce.Api.Products\ECommerce.Api.Products.csproj", "{8800DB87-85B2-4413-A8A7-3E3A8456787E}"
EndProject
Project("{9A19103F-16F7-4668-BE54-9A1E7A4F7556}") = "ECommerce.Api.Customers", "ECommerce.Api.Customers\ECommerce.Api.Customers.csproj", "{16D27A4B-8F54-44C9-947C-D4A4ABFA28BA}"
EndProject
Project("{9A19103F-16F7-4668-BE54-9A1E7A4F7556}") = "ECommerce.Api.Orders", "ECommerce.Api.Orders\ECommerce.Api.Orders.csproj", "{6B05F267-745B-406F-8278-B208F3E810A3}"
EndProject
Project("{9A19103F-16F7-4668-BE54-9A1E7A4F7556}") = "ECommerce.Api.Search", "ECommerce.Api.Search\ECommerce.Api.Search.csproj", "{A075B240-7F82-4F9C-B5FC-5B9610C01AB6}"
EndProject
Project("{FAE04EC0-301F-11D3-BF4B-00C04F79EFBC}") = "ECommerce.Api.Products.Tests", "ECommerce.Api.Products.Tests\ECommerce.Api.Products.Tests.csproj", "{98D943F4-81F6-48C5-B665-C75BE1A43D8B}"
EndProject
Global
	GlobalSection(SolutionConfigurationPlatforms) = preSolution
		Debug|Any CPU = Debug|Any CPU
		Release|Any CPU = Release|Any CPU
	EndGlobalSection
	GlobalSection(ProjectConfigurationPlatforms) = postSolution
		{8800DB87-85B2-4413-A8A7-3E3A8456787E}.Debug|Any CPU.ActiveCfg = Debug|Any CPU
		{8800DB87-85B2-4413-A8A7-3E3A8456787E}.Debug|Any CPU.Build.0 = Debug|Any CPU
		{8800DB87-85B2-4413-A8A7-3E3A8456787E}.Release|Any CPU.ActiveCfg = Release|Any CPU
		{8800DB87-85B2-4413-A8A7-3E3A8456787E}.Release|Any CPU.Build.0 = Release|Any CPU
		{16D27A4B-8F54-44C9-947C-D4A4ABFA28BA}.Debug|Any CPU.ActiveCfg = Debug|Any CPU
		{16D27A4B-8F54-44C9-947C-D4A4ABFA28BA}.Debug|Any CPU.Build.0 = Debug|Any CPU
		{16D27A4B-8F54-44C9-947C-D4A4ABFA28BA}.Release|Any CPU.ActiveCfg = Release|Any CPU
		{16D27A4B-8F54-44C9-947C-D4A4ABFA28BA}.Release|Any CPU.Build.0 = Release|Any CPU
		{6B05F267-745B-406F-8278-B208F3E810A3}.Debug|Any CPU.ActiveCfg = Debug|Any CPU
		{6B05F267-745B-406F-8278-B208F3E810A3}.Debug|Any CPU.Build.0 = Debug|Any CPU
		{6B05F267-745B-406F-8278-B208F3E810A3}.Release|Any CPU.ActiveCfg = Release|Any CPU
		{6B05F267-745B-406F-8278-B208F3E810A3}.Release|Any CPU.Build.0 = Release|Any CPU
		{A075B240-7F82-4F9C-B5FC-5B9610C01AB6}.Debug|Any CPU.ActiveCfg = Debug|Any CPU
		{A075B240-7F82-4F9C-B5FC-5B9610C01AB6}.Debug|Any CPU.Build.0 = Debug|Any CPU
		{A075B240-7F82-4F9C-B5FC-5B9610C01AB6}.Release|Any CPU.ActiveCfg = Release|Any CPU
		{A075B240-7F82-4F9C-B5FC-5B9610C01AB6}.Release|Any CPU.Build.0 = Release|Any CPU
		{98D943F4-81F6-48C5-B665-C75BE1A43D8B}.Debug|Any CPU.ActiveCfg = Debug|Any CPU
		{98D943F4-81F6-48C5-B665-C75BE1A43D8B}.Debug|Any CPU.Build.0 = Debug|Any CPU
		{98D943F4-81F6-48C5-B665-C75BE1A43D8B}.Release|Any CPU.ActiveCfg = Release|Any CPU
		{98D943F4-81F6-48C5-B665-C75BE1A43D8B}.Release|Any CPU.Build.0 = Release|Any CPU
	EndGlobalSection
	GlobalSection(SolutionProperties) = preSolution
		HideSolutionNode = FALSE
	EndGlobalSection
	GlobalSection(ExtensibilityGlobals) = postSolution
		SolutionGuid = {97186C6B-6ACC-4808-97B4-93E6BCA3AD73}
	EndGlobalSection
EndGlobal
